PODS:
  - agora_rtc_engine (6.5.2):
    - AgoraIrisRTC_iOS (= 4.5.2-build.1)
    - AgoraRtcEngine_iOS (= 4.5.2)
    - Flutter
  - AgoraInfra_iOS (1.2.13.1)
  - AgoraIrisRTC_iOS (4.5.2-build.1)
  - AgoraRtcEngine_iOS (4.5.2):
    - AgoraRtcEngine_iOS/AIAEC (= 4.5.2)
    - AgoraRtcEngine_iOS/AIAECLL (= 4.5.2)
    - AgoraRtcEngine_iOS/AINS (= 4.5.2)
    - AgoraRtcEngine_iOS/AINSLL (= 4.5.2)
    - AgoraRtcEngine_iOS/AudioBeauty (= 4.5.2)
    - AgoraRtcEngine_iOS/ClearVision (= 4.5.2)
    - AgoraRtcEngine_iOS/ContentInspect (= 4.5.2)
    - AgoraRtcEngine_iOS/FaceCapture (= 4.5.2)
    - AgoraRtcEngine_iOS/FaceDetection (= 4.5.2)
    - AgoraRtcEngine_iOS/LipSync (= 4.5.2)
    - AgoraRtcEngine_iOS/ReplayKit (= 4.5.2)
    - AgoraRtcEngine_iOS/RtcBasic (= 4.5.2)
    - AgoraRtcEngine_iOS/SpatialAudio (= 4.5.2)
    - AgoraRtcEngine_iOS/VideoAv1CodecDec (= 4.5.2)
    - AgoraRtcEngine_iOS/VideoAv1CodecEnc (= 4.5.2)
    - AgoraRtcEngine_iOS/VideoCodecDec (= 4.5.2)
    - AgoraRtcEngine_iOS/VideoCodecEnc (= 4.5.2)
    - AgoraRtcEngine_iOS/VirtualBackground (= 4.5.2)
    - AgoraRtcEngine_iOS/VQA (= 4.5.2)
  - AgoraRtcEngine_iOS/AIAEC (4.5.2)
  - AgoraRtcEngine_iOS/AIAECLL (4.5.2)
  - AgoraRtcEngine_iOS/AINS (4.5.2)
  - AgoraRtcEngine_iOS/AINSLL (4.5.2)
  - AgoraRtcEngine_iOS/AudioBeauty (4.5.2)
  - AgoraRtcEngine_iOS/ClearVision (4.5.2)
  - AgoraRtcEngine_iOS/ContentInspect (4.5.2)
  - AgoraRtcEngine_iOS/FaceCapture (4.5.2)
  - AgoraRtcEngine_iOS/FaceDetection (4.5.2)
  - AgoraRtcEngine_iOS/LipSync (4.5.2)
  - AgoraRtcEngine_iOS/ReplayKit (4.5.2)
  - AgoraRtcEngine_iOS/RtcBasic (4.5.2):
    - AgoraInfra_iOS (= 1.2.13.1)
  - AgoraRtcEngine_iOS/SpatialAudio (4.5.2)
  - AgoraRtcEngine_iOS/VideoAv1CodecDec (4.5.2)
  - AgoraRtcEngine_iOS/VideoAv1CodecEnc (4.5.2)
  - AgoraRtcEngine_iOS/VideoCodecDec (4.5.2)
  - AgoraRtcEngine_iOS/VideoCodecEnc (4.5.2)
  - AgoraRtcEngine_iOS/VirtualBackground (4.5.2)
  - AgoraRtcEngine_iOS/VQA (4.5.2)
  - AppAuth (1.7.6):
    - AppAuth/Core (= 1.7.6)
    - AppAuth/ExternalUserAgent (= 1.7.6)
  - AppAuth/Core (1.7.6)
  - AppAuth/ExternalUserAgent (1.7.6):
    - AppAuth/Core
  - AppCheckCore (11.2.0):
    - GoogleUtilities/Environment (~> 8.0)
    - GoogleUtilities/UserDefaults (~> 8.0)
    - PromisesObjC (~> 2.4)
  - audioplayers_darwin (0.0.1):
    - Flutter
  - BranchSDK (3.4.4)
  - camera_avfoundation (0.0.1):
    - Flutter
  - connectivity_plus (0.0.1):
    - Flutter
  - deepar_flutter_plus (0.2.0):
    - Flutter
  - device_info_plus (0.0.1):
    - Flutter
  - Firebase/Auth (11.13.0):
    - Firebase/CoreOnly
    - FirebaseAuth (~> 11.13.0)
  - Firebase/CoreOnly (11.13.0):
    - FirebaseCore (~> 11.13.0)
  - Firebase/Messaging (11.13.0):
    - Firebase/CoreOnly
    - FirebaseMessaging (~> 11.13.0)
  - firebase_auth (5.6.0):
    - Firebase/Auth (= 11.13.0)
    - firebase_core
    - Flutter
  - firebase_core (3.14.0):
    - Firebase/CoreOnly (= 11.13.0)
    - Flutter
  - firebase_messaging (15.2.7):
    - Firebase/Messaging (= 11.13.0)
    - firebase_core
    - Flutter
  - FirebaseAppCheckInterop (11.15.0)
  - FirebaseAuth (11.13.0):
    - FirebaseAppCheckInterop (~> 11.0)
    - FirebaseAuthInterop (~> 11.0)
    - FirebaseCore (~> 11.13.0)
    - FirebaseCoreExtension (~> 11.13.0)
    - GoogleUtilities/AppDelegateSwizzler (~> 8.1)
    - GoogleUtilities/Environment (~> 8.1)
    - GTMSessionFetcher/Core (< 5.0, >= 3.4)
    - RecaptchaInterop (~> 101.0)
  - FirebaseAuthInterop (11.15.0)
  - FirebaseCore (11.13.0):
    - FirebaseCoreInternal (~> 11.13.0)
    - GoogleUtilities/Environment (~> 8.1)
    - GoogleUtilities/Logger (~> 8.1)
  - FirebaseCoreExtension (11.13.0):
    - FirebaseCore (~> 11.13.0)
  - FirebaseCoreInternal (11.13.0):
    - "GoogleUtilities/NSData+zlib (~> 8.1)"
  - FirebaseInstallations (11.13.0):
    - FirebaseCore (~> 11.13.0)
    - GoogleUtilities/Environment (~> 8.1)
    - GoogleUtilities/UserDefaults (~> 8.1)
    - PromisesObjC (~> 2.4)
  - FirebaseMessaging (11.13.0):
    - FirebaseCore (~> 11.13.0)
    - FirebaseInstallations (~> 11.0)
    - GoogleDataTransport (~> 10.0)
    - GoogleUtilities/AppDelegateSwizzler (~> 8.1)
    - GoogleUtilities/Environment (~> 8.1)
    - GoogleUtilities/Reachability (~> 8.1)
    - GoogleUtilities/UserDefaults (~> 8.1)
    - nanopb (~> 3.30910.0)
  - Flutter (1.0.0)
  - flutter_branch_sdk (7.3.0):
    - BranchSDK (~> 3.4.1)
    - Flutter
  - flutter_inappwebview_ios (0.0.1):
    - Flutter
    - flutter_inappwebview_ios/Core (= 0.0.1)
    - OrderedSet (~> 6.0.3)
  - flutter_inappwebview_ios/Core (0.0.1):
    - Flutter
    - OrderedSet (~> 6.0.3)
  - flutter_isolate (0.0.1):
    - Flutter
  - flutter_local_notifications (0.0.1):
    - Flutter
  - fluttertoast (0.0.2):
    - Flutter
  - gallery_saver_plus (0.0.1):
    - Flutter
  - get_thumbnail_video (0.0.1):
    - Flutter
    - libwebp
  - google_sign_in_ios (0.0.1):
    - AppAuth (>= 1.7.4)
    - Flutter
    - FlutterMacOS
    - GoogleSignIn (~> 8.0)
    - GTMSessionFetcher (>= 3.4.0)
  - GoogleDataTransport (10.1.0):
    - nanopb (~> 3.30910.0)
    - PromisesObjC (~> 2.4)
  - GoogleSignIn (8.0.0):
    - AppAuth (< 2.0, >= 1.7.3)
    - AppCheckCore (~> 11.0)
    - GTMAppAuth (< 5.0, >= 4.1.1)
    - GTMSessionFetcher/Core (~> 3.3)
  - GoogleUtilities/AppDelegateSwizzler (8.1.0):
    - GoogleUtilities/Environment
    - GoogleUtilities/Logger
    - GoogleUtilities/Network
    - GoogleUtilities/Privacy
  - GoogleUtilities/Environment (8.1.0):
    - GoogleUtilities/Privacy
  - GoogleUtilities/Logger (8.1.0):
    - GoogleUtilities/Environment
    - GoogleUtilities/Privacy
  - GoogleUtilities/Network (8.1.0):
    - GoogleUtilities/Logger
    - "GoogleUtilities/NSData+zlib"
    - GoogleUtilities/Privacy
    - GoogleUtilities/Reachability
  - "GoogleUtilities/NSData+zlib (8.1.0)":
    - GoogleUtilities/Privacy
  - GoogleUtilities/Privacy (8.1.0)
  - GoogleUtilities/Reachability (8.1.0):
    - GoogleUtilities/Logger
    - GoogleUtilities/Privacy
  - GoogleUtilities/UserDefaults (8.1.0):
    - GoogleUtilities/Logger
    - GoogleUtilities/Privacy
  - GTMAppAuth (4.1.1):
    - AppAuth/Core (~> 1.7)
    - GTMSessionFetcher/Core (< 4.0, >= 3.3)
  - GTMSessionFetcher (3.5.0):
    - GTMSessionFetcher/Full (= 3.5.0)
  - GTMSessionFetcher/Core (3.5.0)
  - GTMSessionFetcher/Full (3.5.0):
    - GTMSessionFetcher/Core
  - image_picker_ios (0.0.1):
    - Flutter
  - in_app_purchase_storekit (0.0.1):
    - Flutter
    - FlutterMacOS
  - iris_method_channel (0.0.1):
    - Flutter
  - libwebp (1.5.0):
    - libwebp/demux (= 1.5.0)
    - libwebp/mux (= 1.5.0)
    - libwebp/sharpyuv (= 1.5.0)
    - libwebp/webp (= 1.5.0)
  - libwebp/demux (1.5.0):
    - libwebp/webp
  - libwebp/mux (1.5.0):
    - libwebp/demux
  - libwebp/sharpyuv (1.5.0)
  - libwebp/webp (1.5.0):
    - libwebp/sharpyuv
  - mobile_scanner (7.0.0):
    - Flutter
    - FlutterMacOS
  - nanopb (3.30910.0):
    - nanopb/decode (= 3.30910.0)
    - nanopb/encode (= 3.30910.0)
  - nanopb/decode (3.30910.0)
  - nanopb/encode (3.30910.0)
  - OrderedSet (6.0.3)
  - package_info_plus (0.4.5):
    - Flutter
  - path_provider_foundation (0.0.1):
    - Flutter
    - FlutterMacOS
  - permission_handler_apple (9.3.0):
    - Flutter
  - PromisesObjC (2.4.0)
  - razorpay-pod (1.4.2)
  - razorpay_flutter (1.1.10):
    - Flutter
    - razorpay-pod
  - RecaptchaInterop (101.0.0)
  - record_ios (1.0.0):
    - Flutter
  - retrytech_plugin (0.0.1):
    - Flutter
  - secure_application (0.0.1):
    - Flutter
  - share_plus (0.0.1):
    - Flutter
  - sqflite_darwin (0.0.4):
    - Flutter
    - FlutterMacOS
  - Stripe (23.27.6):
    - StripeApplePay (= 23.27.6)
    - StripeCore (= 23.27.6)
    - StripePayments (= 23.27.6)
    - StripePaymentsUI (= 23.27.6)
    - StripeUICore (= 23.27.6)
  - stripe_ios (0.0.1):
    - Flutter
    - Stripe (~> 23.27.0)
    - StripeApplePay (~> 23.27.0)
    - StripeFinancialConnections (~> 23.27.0)
    - StripePayments (~> 23.27.0)
    - StripePaymentSheet (~> 23.27.0)
    - StripePaymentsUI (~> 23.27.0)
  - StripeApplePay (23.27.6):
    - StripeCore (= 23.27.6)
  - StripeCore (23.27.6)
  - StripeFinancialConnections (23.27.6):
    - StripeCore (= 23.27.6)
    - StripeUICore (= 23.27.6)
  - StripePayments (23.27.6):
    - StripeCore (= 23.27.6)
    - StripePayments/Stripe3DS2 (= 23.27.6)
  - StripePayments/Stripe3DS2 (23.27.6):
    - StripeCore (= 23.27.6)
  - StripePaymentSheet (23.27.6):
    - StripeApplePay (= 23.27.6)
    - StripeCore (= 23.27.6)
    - StripePayments (= 23.27.6)
    - StripePaymentsUI (= 23.27.6)
  - StripePaymentsUI (23.27.6):
    - StripeCore (= 23.27.6)
    - StripePayments (= 23.27.6)
    - StripeUICore (= 23.27.6)
  - StripeUICore (23.27.6):
    - StripeCore (= 23.27.6)
  - url_launcher_ios (0.0.1):
    - Flutter
  - vibration (3.0.0):
    - Flutter
  - video_player_avfoundation (0.0.1):
    - Flutter
    - FlutterMacOS
  - wakelock_plus (0.0.1):
    - Flutter
  - webview_flutter_wkwebview (0.0.1):
    - Flutter
    - FlutterMacOS

DEPENDENCIES:
  - agora_rtc_engine (from `.symlinks/plugins/agora_rtc_engine/ios`)
  - audioplayers_darwin (from `.symlinks/plugins/audioplayers_darwin/ios`)
  - camera_avfoundation (from `.symlinks/plugins/camera_avfoundation/ios`)
  - connectivity_plus (from `.symlinks/plugins/connectivity_plus/ios`)
  - deepar_flutter_plus (from `.symlinks/plugins/deepar_flutter_plus/ios`)
  - device_info_plus (from `.symlinks/plugins/device_info_plus/ios`)
  - firebase_auth (from `.symlinks/plugins/firebase_auth/ios`)
  - firebase_core (from `.symlinks/plugins/firebase_core/ios`)
  - firebase_messaging (from `.symlinks/plugins/firebase_messaging/ios`)
  - Flutter (from `Flutter`)
  - flutter_branch_sdk (from `.symlinks/plugins/flutter_branch_sdk/ios`)
  - flutter_inappwebview_ios (from `.symlinks/plugins/flutter_inappwebview_ios/ios`)
  - flutter_isolate (from `.symlinks/plugins/flutter_isolate/ios`)
  - flutter_local_notifications (from `.symlinks/plugins/flutter_local_notifications/ios`)
  - fluttertoast (from `.symlinks/plugins/fluttertoast/ios`)
  - gallery_saver_plus (from `.symlinks/plugins/gallery_saver_plus/ios`)
  - get_thumbnail_video (from `.symlinks/plugins/get_thumbnail_video/ios`)
  - google_sign_in_ios (from `.symlinks/plugins/google_sign_in_ios/darwin`)
  - image_picker_ios (from `.symlinks/plugins/image_picker_ios/ios`)
  - in_app_purchase_storekit (from `.symlinks/plugins/in_app_purchase_storekit/darwin`)
  - iris_method_channel (from `.symlinks/plugins/iris_method_channel/ios`)
  - mobile_scanner (from `.symlinks/plugins/mobile_scanner/darwin`)
  - package_info_plus (from `.symlinks/plugins/package_info_plus/ios`)
  - path_provider_foundation (from `.symlinks/plugins/path_provider_foundation/darwin`)
  - permission_handler_apple (from `.symlinks/plugins/permission_handler_apple/ios`)
  - razorpay_flutter (from `.symlinks/plugins/razorpay_flutter/ios`)
  - record_ios (from `.symlinks/plugins/record_ios/ios`)
  - retrytech_plugin (from `.symlinks/plugins/retrytech_plugin/ios`)
  - secure_application (from `.symlinks/plugins/secure_application/ios`)
  - share_plus (from `.symlinks/plugins/share_plus/ios`)
  - sqflite_darwin (from `.symlinks/plugins/sqflite_darwin/darwin`)
  - stripe_ios (from `.symlinks/plugins/stripe_ios/ios`)
  - url_launcher_ios (from `.symlinks/plugins/url_launcher_ios/ios`)
  - vibration (from `.symlinks/plugins/vibration/ios`)
  - video_player_avfoundation (from `.symlinks/plugins/video_player_avfoundation/darwin`)
  - wakelock_plus (from `.symlinks/plugins/wakelock_plus/ios`)
  - webview_flutter_wkwebview (from `.symlinks/plugins/webview_flutter_wkwebview/darwin`)

SPEC REPOS:
  https://mirrors.tuna.tsinghua.edu.cn/git/CocoaPods/Specs.git:
    - AgoraInfra_iOS
    - AgoraIrisRTC_iOS
    - AgoraRtcEngine_iOS
    - AppAuth
    - AppCheckCore
    - BranchSDK
    - Firebase
    - FirebaseAppCheckInterop
    - FirebaseAuth
    - FirebaseAuthInterop
    - FirebaseCore
    - FirebaseCoreExtension
    - FirebaseCoreInternal
    - FirebaseInstallations
    - FirebaseMessaging
    - GoogleDataTransport
    - GoogleSignIn
    - GoogleUtilities
    - GTMAppAuth
    - GTMSessionFetcher
    - libwebp
    - nanopb
    - OrderedSet
    - PromisesObjC
    - razorpay-pod
    - RecaptchaInterop
    - Stripe
    - StripeApplePay
    - StripeCore
    - StripeFinancialConnections
    - StripePayments
    - StripePaymentSheet
    - StripePaymentsUI
    - StripeUICore

EXTERNAL SOURCES:
  agora_rtc_engine:
    :path: ".symlinks/plugins/agora_rtc_engine/ios"
  audioplayers_darwin:
    :path: ".symlinks/plugins/audioplayers_darwin/ios"
  camera_avfoundation:
    :path: ".symlinks/plugins/camera_avfoundation/ios"
  connectivity_plus:
    :path: ".symlinks/plugins/connectivity_plus/ios"
  deepar_flutter_plus:
    :path: ".symlinks/plugins/deepar_flutter_plus/ios"
  device_info_plus:
    :path: ".symlinks/plugins/device_info_plus/ios"
  firebase_auth:
    :path: ".symlinks/plugins/firebase_auth/ios"
  firebase_core:
    :path: ".symlinks/plugins/firebase_core/ios"
  firebase_messaging:
    :path: ".symlinks/plugins/firebase_messaging/ios"
  Flutter:
    :path: Flutter
  flutter_branch_sdk:
    :path: ".symlinks/plugins/flutter_branch_sdk/ios"
  flutter_inappwebview_ios:
    :path: ".symlinks/plugins/flutter_inappwebview_ios/ios"
  flutter_isolate:
    :path: ".symlinks/plugins/flutter_isolate/ios"
  flutter_local_notifications:
    :path: ".symlinks/plugins/flutter_local_notifications/ios"
  fluttertoast:
    :path: ".symlinks/plugins/fluttertoast/ios"
  gallery_saver_plus:
    :path: ".symlinks/plugins/gallery_saver_plus/ios"
  get_thumbnail_video:
    :path: ".symlinks/plugins/get_thumbnail_video/ios"
  google_sign_in_ios:
    :path: ".symlinks/plugins/google_sign_in_ios/darwin"
  image_picker_ios:
    :path: ".symlinks/plugins/image_picker_ios/ios"
  in_app_purchase_storekit:
    :path: ".symlinks/plugins/in_app_purchase_storekit/darwin"
  iris_method_channel:
    :path: ".symlinks/plugins/iris_method_channel/ios"
  mobile_scanner:
    :path: ".symlinks/plugins/mobile_scanner/darwin"
  package_info_plus:
    :path: ".symlinks/plugins/package_info_plus/ios"
  path_provider_foundation:
    :path: ".symlinks/plugins/path_provider_foundation/darwin"
  permission_handler_apple:
    :path: ".symlinks/plugins/permission_handler_apple/ios"
  razorpay_flutter:
    :path: ".symlinks/plugins/razorpay_flutter/ios"
  record_ios:
    :path: ".symlinks/plugins/record_ios/ios"
  retrytech_plugin:
    :path: ".symlinks/plugins/retrytech_plugin/ios"
  secure_application:
    :path: ".symlinks/plugins/secure_application/ios"
  share_plus:
    :path: ".symlinks/plugins/share_plus/ios"
  sqflite_darwin:
    :path: ".symlinks/plugins/sqflite_darwin/darwin"
  stripe_ios:
    :path: ".symlinks/plugins/stripe_ios/ios"
  url_launcher_ios:
    :path: ".symlinks/plugins/url_launcher_ios/ios"
  vibration:
    :path: ".symlinks/plugins/vibration/ios"
  video_player_avfoundation:
    :path: ".symlinks/plugins/video_player_avfoundation/darwin"
  wakelock_plus:
    :path: ".symlinks/plugins/wakelock_plus/ios"
  webview_flutter_wkwebview:
    :path: ".symlinks/plugins/webview_flutter_wkwebview/darwin"

SPEC CHECKSUMS:
  agora_rtc_engine: 6a8683bd2d8473e36f059d3bac5f1f475199d571
  AgoraInfra_iOS: 3691b2b277a1712a35ae96de25af319de0d73d08
  AgoraIrisRTC_iOS: eab58c126439adf5ec99632828a558ea216860da
  AgoraRtcEngine_iOS: 97e2398a2addda9057815a2a583a658e36796ff6
  AppAuth: d4f13a8fe0baf391b2108511793e4b479691fb73
  AppCheckCore: cc8fd0a3a230ddd401f326489c99990b013f0c4f
  audioplayers_darwin: ccf9c770ee768abb07e26d90af093f7bab1c12ab
  BranchSDK: 28bec34fb99c53ab8e86b7bf69cc55a4505fe0b3
  camera_avfoundation: be3be85408cd4126f250386828e9b1dfa40ab436
  connectivity_plus: cb623214f4e1f6ef8fe7403d580fdad517d2f7dd
  deepar_flutter_plus: 43586d9212d177e704e2ca90341a0755243a421c
  device_info_plus: 21fcca2080fbcd348be798aa36c3e5ed849eefbe
  Firebase: 3435bc66b4d494c2f22c79fd3aae4c1db6662327
  firebase_auth: ebc1f561cc3077efebad5005974c9ed58008973b
  firebase_core: 700bac7ed92bb754fd70fbf01d72b36ecdd6d450
  firebase_messaging: 860c017fcfbb5e27c163062d1d3135388f3ef954
  FirebaseAppCheckInterop: 06fe5a3799278ae4667e6c432edd86b1030fa3df
  FirebaseAuth: 175cb5503dfdb52191b8ff81cdd52c1d9dee9ac9
  FirebaseAuthInterop: 7087d7a4ee4bc4de019b2d0c240974ed5d89e2fd
  FirebaseCore: c692c7f1c75305ab6aff2b367f25e11d73aa8bd0
  FirebaseCoreExtension: c048485c347616dba6165358dbef765c5197597b
  FirebaseCoreInternal: 29d7b3af4aaf0b8f3ed20b568c13df399b06f68c
  FirebaseInstallations: 0ee9074f2c1e86561ace168ee1470dc67aabaf02
  FirebaseMessaging: 195bbdb73e6ca1dbc76cd46e73f3552c084ef6e4
  Flutter: e0871f40cf51350855a761d2e70bf5af5b9b5de7
  flutter_branch_sdk: 49df4dc1ccf88d948a32c16ce98b522f163bfd05
  flutter_inappwebview_ios: b89ba3482b96fb25e00c967aae065701b66e9b99
  flutter_isolate: ca1a284bbb8dcfeb26c4764794e0206f58ffa984
  flutter_local_notifications: 395056b3175ba4f08480a7c5de30cd36d69827e4
  fluttertoast: 2c67e14dce98bbdb200df9e1acf610d7a6264ea1
  gallery_saver_plus: 61c8a831d5975e2bf57f87bcd64379dcc7d29ff2
  get_thumbnail_video: 1a754d46b860dffefcc57b7290a43089cd5d7e58
  google_sign_in_ios: b48bb9af78576358a168361173155596c845f0b9
  GoogleDataTransport: aae35b7ea0c09004c3797d53c8c41f66f219d6a7
  GoogleSignIn: ce8c89bb9b37fb624b92e7514cc67335d1e277e4
  GoogleUtilities: 00c88b9a86066ef77f0da2fab05f65d7768ed8e1
  GTMAppAuth: f69bd07d68cd3b766125f7e072c45d7340dea0de
  GTMSessionFetcher: 5aea5ba6bd522a239e236100971f10cb71b96ab6
  image_picker_ios: 7fe1ff8e34c1790d6fff70a32484959f563a928a
  in_app_purchase_storekit: d1a48cb0f8b29dbf5f85f782f5dd79b21b90a5e6
  iris_method_channel: b9db2053dac3dc84e256c8792eff6f11323a53bd
  libwebp: 02b23773aedb6ff1fd38cec7a77b81414c6842a8
  mobile_scanner: 9157936403f5a0644ca3779a38ff8404c5434a93
  nanopb: fad817b59e0457d11a5dfbde799381cd727c1275
  OrderedSet: e539b66b644ff081c73a262d24ad552a69be3a94
  package_info_plus: af8e2ca6888548050f16fa2f1938db7b5a5df499
  path_provider_foundation: 080d55be775b7414fd5a5ef3ac137b97b097e564
  permission_handler_apple: 4ed2196e43d0651e8ff7ca3483a069d469701f2d
  PromisesObjC: f5707f49cb48b9636751c5b2e7d227e43fba9f47
  razorpay-pod: 77bdd9733b6ea81c9fbbd6b75fea6a09feab284e
  razorpay_flutter: 0e98e4fcaae27ad50e011d85f66d85e0a008754a
  RecaptchaInterop: 11e0b637842dfb48308d242afc3f448062325aba
  record_ios: fee1c924aa4879b882ebca2b4bce6011bcfc3d8b
  retrytech_plugin: 93f66c92b68b6a247fd44ad23e9ff6750489b9c7
  secure_application: 1b94e9be54ff82c3a2598e75e4ba559d5e14e2d3
  share_plus: 50da8cb520a8f0f65671c6c6a99b3617ed10a58a
  sqflite_darwin: 20b2a3a3b70e43edae938624ce550a3cbf66a3d0
  Stripe: 9fec845645e39f371e6898926d096fd9c2feb5a5
  stripe_ios: 5accba1ff472f89300e1676c351166f29dc93ced
  StripeApplePay: 5f017e8dfe259fafbab70137776189deef754bb2
  StripeCore: 01ec57f0dddfe742054dc6a322f811426c25313d
  StripeFinancialConnections: 56698cb6274bf89fb8c76b934f6156f368e97765
  StripePayments: 6adf11faf1b7038e77aa97019410305c6adca79d
  StripePaymentSheet: 3eaf870c4388e44b0cc37e4c69d00b6957fd8bd7
  StripePaymentsUI: 59ccddeacad592b09fa67e8d641340820ddb4751
  StripeUICore: 879bbf5889265db13f52fac8aad7a176ba62481f
  url_launcher_ios: 694010445543906933d732453a59da0a173ae33d
  vibration: 69774ad57825b11c951ee4c46155f455d7a592ce
  video_player_avfoundation: 2cef49524dd1f16c5300b9cd6efd9611ce03639b
  wakelock_plus: e29112ab3ef0b318e58cfa5c32326458be66b556
  webview_flutter_wkwebview: 1821ceac936eba6f7984d89a9f3bcb4dea99ebb2

PODFILE CHECKSUM: ba91d824e6681920edeaf90d58c4eb9caf7d4783

COCOAPODS: 1.16.2
